
Microsoft Visual Studio Solution File, Format Version 12.00
# Visual Studio Version 17
VisualStudioVersion = 17.0.31606.5
MinimumVisualStudioVersion = 10.0.40219.1
Project("{FAE04EC0-301F-11D3-BF4B-00C04F79EFBC}") = "SourceMapper.Generator", "src\SourceMapper.Generator\SourceMapper.Generator.csproj", "{8515A549-275A-4D9C-9CF8-91BA8E0E87E9}"
EndProject
Project("{FAE04EC0-301F-11D3-BF4B-00C04F79EFBC}") = "SourceMapper", "src\SourceMapper\SourceMapper.csproj", "{7DC4868A-5A90-4A60-9EC2-E316115ED623}"
EndProject
Project("{FAE04EC0-301F-11D3-BF4B-00C04F79EFBC}") = "SourceMapper.Test", "tests\SourceMapper.Test\SourceMapper.Test.csproj", "{C4218823-D903-4F66-AB79-C4A28D467D05}"
EndProject
Global
	GlobalSection(SolutionConfigurationPlatforms) = preSolution
		Debug|Any CPU = Debug|Any CPU
		Release|Any CPU = Release|Any CPU
	EndGlobalSection
	GlobalSection(ProjectConfigurationPlatforms) = postSolution
		{8515A549-275A-4D9C-9CF8-91BA8E0E87E9}.Debug|Any CPU.ActiveCfg = Debug|Any CPU
		{8515A549-275A-4D9C-9CF8-91BA8E0E87E9}.Debug|Any CPU.Build.0 = Debug|Any CPU
		{8515A549-275A-4D9C-9CF8-91BA8E0E87E9}.Release|Any CPU.ActiveCfg = Release|Any CPU
		{8515A549-275A-4D9C-9CF8-91BA8E0E87E9}.Release|Any CPU.Build.0 = Release|Any CPU
		{7DC4868A-5A90-4A60-9EC2-E316115ED623}.Debug|Any CPU.ActiveCfg = Debug|Any CPU
		{7DC4868A-5A90-4A60-9EC2-E316115ED623}.Debug|Any CPU.Build.0 = Debug|Any CPU
		{7DC4868A-5A90-4A60-9EC2-E316115ED623}.Release|Any CPU.ActiveCfg = Release|Any CPU
		{7DC4868A-5A90-4A60-9EC2-E316115ED623}.Release|Any CPU.Build.0 = Release|Any CPU
		{C4218823-D903-4F66-AB79-C4A28D467D05}.Debug|Any CPU.ActiveCfg = Debug|Any CPU
		{C4218823-D903-4F66-AB79-C4A28D467D05}.Debug|Any CPU.Build.0 = Debug|Any CPU
		{C4218823-D903-4F66-AB79-C4A28D467D05}.Release|Any CPU.ActiveCfg = Release|Any CPU
		{C4218823-D903-4F66-AB79-C4A28D467D05}.Release|Any CPU.Build.0 = Release|Any CPU
	EndGlobalSection
	GlobalSection(SolutionProperties) = preSolution
		HideSolutionNode = FALSE
	EndGlobalSection
	GlobalSection(ExtensibilityGlobals) = postSolution
		SolutionGuid = {1E7DB253-7AC4-4CEB-83AC-E854FB467182}
	EndGlobalSection
EndGlobal
